
Microsoft Visual Studio Solution File, Format Version 12.00
Project("{FAE04EC0-301F-11D3-BF4B-00C04F79EFBC}") = "Model", "Model\Model.csproj", "{9C834F20-AB0A-455A-AABA-B7A6C3EAC24F}"
EndProject
Project("{FAE04EC0-301F-11D3-BF4B-00C04F79EFBC}") = "View", "View\View.csproj", "{65C9B45B-B699-40DD-879E-3DD1611B530C}"
EndProject
Project("{FAE04EC0-301F-11D3-BF4B-00C04F79EFBC}") = "BlazorWebpages", "BlazorWebpages\BlazorWebpages.csproj", "{AC82F85E-F543-4D24-AC39-5AAA6D6F4D31}"
EndProject
Global
	GlobalSection(SolutionConfigurationPlatforms) = preSolution
		Debug|Any CPU = Debug|Any CPU
		Release|Any CPU = Release|Any CPU
	EndGlobalSection
	GlobalSection(ProjectConfigurationPlatforms) = postSolution
		{9C834F20-AB0A-455A-AABA-B7A6C3EAC24F}.Debug|Any CPU.ActiveCfg = Debug|Any CPU
		{9C834F20-AB0A-455A-AABA-B7A6C3EAC24F}.Debug|Any CPU.Build.0 = Debug|Any CPU
		{9C834F20-AB0A-455A-AABA-B7A6C3EAC24F}.Release|Any CPU.ActiveCfg = Release|Any CPU
		{9C834F20-AB0A-455A-AABA-B7A6C3EAC24F}.Release|Any CPU.Build.0 = Release|Any CPU
		{65C9B45B-B699-40DD-879E-3DD1611B530C}.Debug|Any CPU.ActiveCfg = Debug|Any CPU
		{65C9B45B-B699-40DD-879E-3DD1611B530C}.Debug|Any CPU.Build.0 = Debug|Any CPU
		{65C9B45B-B699-40DD-879E-3DD1611B530C}.Release|Any CPU.ActiveCfg = Release|Any CPU
		{65C9B45B-B699-40DD-879E-3DD1611B530C}.Release|Any CPU.Build.0 = Release|Any CPU
		{AC82F85E-F543-4D24-AC39-5AAA6D6F4D31}.Debug|Any CPU.ActiveCfg = Debug|Any CPU
		{AC82F85E-F543-4D24-AC39-5AAA6D6F4D31}.Debug|Any CPU.Build.0 = Debug|Any CPU
		{AC82F85E-F543-4D24-AC39-5AAA6D6F4D31}.Release|Any CPU.ActiveCfg = Release|Any CPU
		{AC82F85E-F543-4D24-AC39-5AAA6D6F4D31}.Release|Any CPU.Build.0 = Release|Any CPU
	EndGlobalSection
EndGlobal
